
Microsoft Visual Studio Solution File, Format Version 12.00
# Visual Studio 14
VisualStudioVersion = 14.0.23107.0
MinimumVisualStudioVersion = 10.0.40219.1
Project("{F2A71F9B-5D33-465A-A702-920D77279786}") = "Tg-Fsharp", "Tg-Fsharp\Tg-Fsharp.fsproj", "{838AEA95-9325-4BE4-9329-F65F2B0FFE9A}"
EndProject
Project("{FAE04EC0-301F-11D3-BF4B-00C04F79EFBC}") = "Tg-Csharp", "Tg-Csharp\Tg-Csharp.csproj", "{4D199FA5-7942-4277-9E09-9B60523ABE2E}"
EndProject
Global
	GlobalSection(SolutionConfigurationPlatforms) = preSolution
		Debug|Any CPU = Debug|Any CPU
		Release|Any CPU = Release|Any CPU
	EndGlobalSection
	GlobalSection(ProjectConfigurationPlatforms) = postSolution
		{838AEA95-9325-4BE4-9329-F65F2B0FFE9A}.Debug|Any CPU.ActiveCfg = Debug|Any CPU
		{838AEA95-9325-4BE4-9329-F65F2B0FFE9A}.Debug|Any CPU.Build.0 = Debug|Any CPU
		{838AEA95-9325-4BE4-9329-F65F2B0FFE9A}.Release|Any CPU.ActiveCfg = Release|Any CPU
		{838AEA95-9325-4BE4-9329-F65F2B0FFE9A}.Release|Any CPU.Build.0 = Release|Any CPU
		{4D199FA5-7942-4277-9E09-9B60523ABE2E}.Debug|Any CPU.ActiveCfg = Debug|Any CPU
		{4D199FA5-7942-4277-9E09-9B60523ABE2E}.Debug|Any CPU.Build.0 = Debug|Any CPU
		{4D199FA5-7942-4277-9E09-9B60523ABE2E}.Release|Any CPU.ActiveCfg = Release|Any CPU
		{4D199FA5-7942-4277-9E09-9B60523ABE2E}.Release|Any CPU.Build.0 = Release|Any CPU
	EndGlobalSection
	GlobalSection(SolutionProperties) = preSolution
		HideSolutionNode = FALSE
	EndGlobalSection
EndGlobal
